// !$*UTF8*$!
{
	archiveVersion = 1;
	classes = {
	};
	objectVersion = 46;
	objects = {

/* Begin PBXBuildFile section */
		0719935714CDDBA700D60D9C /* Security.framework in Frameworks */ = {isa = PBXBuildFile; fileRef = 0719935614CDDBA700D60D9C /* Security.framework */; };
		0719935914CDDBB400D60D9C /* MessageUI.framework in Frameworks */ = {isa = PBXBuildFile; fileRef = 0719935814CDDBB400D60D9C /* MessageUI.framework */; settings = {ATTRIBUTES = (Required, ); }; };
		0719952D14CDEEF500D60D9C /* Twitter.framework in Frameworks */ = {isa = PBXBuildFile; fileRef = 0719952C14CDEEF500D60D9C /* Twitter.framework */; settings = {ATTRIBUTES = (Weak, ); }; };
		07220CB114CE0A3400339B1F /* CFNetwork.framework in Frameworks */ = {isa = PBXBuildFile; fileRef = 07220CB014CE0A2A00339B1F /* CFNetwork.framework */; };
		6108B4001512AF2900779B71 /* TwitterPlugin.m in Sources */ = {isa = PBXBuildFile; fileRef = 6108B3FF1512AF2900779B71 /* TwitterPlugin.m */; };
		6108B4021512B0CA00779B71 /* Accounts.framework in Frameworks */ = {isa = PBXBuildFile; fileRef = 6108B4011512B0CA00779B71 /* Accounts.framework */; };
		61368D501517F01300C4F0B8 /* ReadItLaterFull.m in Sources */ = {isa = PBXBuildFile; fileRef = 61368D4B1517F01300C4F0B8 /* ReadItLaterFull.m */; };
		61368D511517F01300C4F0B8 /* ReadItLaterLite.m in Sources */ = {isa = PBXBuildFile; fileRef = 61368D4D1517F01300C4F0B8 /* ReadItLaterLite.m */; };
		61368D521517F01300C4F0B8 /* ReadItLaterPlugin.m in Sources */ = {isa = PBXBuildFile; fileRef = 61368D4F1517F01300C4F0B8 /* ReadItLaterPlugin.m */; };
		61368D6E1517F94F00C4F0B8 /* Facebook.m in Sources */ = {isa = PBXBuildFile; fileRef = 61368D551517F94F00C4F0B8 /* Facebook.m */; };
		61368D6F1517F94F00C4F0B8 /* FBDialog.bundle in Resources */ = {isa = PBXBuildFile; fileRef = 61368D571517F94F00C4F0B8 /* FBDialog.bundle */; };
		61368D701517F94F00C4F0B8 /* FBDialog.m in Sources */ = {isa = PBXBuildFile; fileRef = 61368D591517F94F00C4F0B8 /* FBDialog.m */; };
		61368D711517F94F00C4F0B8 /* FBFrictionlessRequestSettings.m in Sources */ = {isa = PBXBuildFile; fileRef = 61368D5B1517F94F00C4F0B8 /* FBFrictionlessRequestSettings.m */; };
		61368D721517F94F00C4F0B8 /* FBLoginDialog.m in Sources */ = {isa = PBXBuildFile; fileRef = 61368D5D1517F94F00C4F0B8 /* FBLoginDialog.m */; };
		61368D731517F94F00C4F0B8 /* FBRequest.m in Sources */ = {isa = PBXBuildFile; fileRef = 61368D5F1517F94F00C4F0B8 /* FBRequest.m */; };
		61368D741517F94F00C4F0B8 /* NSObject+SBJSON.m in Sources */ = {isa = PBXBuildFile; fileRef = 61368D631517F94F00C4F0B8 /* NSObject+SBJSON.m */; };
		61368D751517F94F00C4F0B8 /* NSString+SBJSON.m in Sources */ = {isa = PBXBuildFile; fileRef = 61368D651517F94F00C4F0B8 /* NSString+SBJSON.m */; };
		61368D761517F94F00C4F0B8 /* SBJSON.m in Sources */ = {isa = PBXBuildFile; fileRef = 61368D671517F94F00C4F0B8 /* SBJSON.m */; };
		61368D771517F94F00C4F0B8 /* SBJsonBase.m in Sources */ = {isa = PBXBuildFile; fileRef = 61368D691517F94F00C4F0B8 /* SBJsonBase.m */; };
		61368D781517F94F00C4F0B8 /* SBJsonParser.m in Sources */ = {isa = PBXBuildFile; fileRef = 61368D6B1517F94F00C4F0B8 /* SBJsonParser.m */; };
		61368D791517F94F00C4F0B8 /* SBJsonWriter.m in Sources */ = {isa = PBXBuildFile; fileRef = 61368D6D1517F94F00C4F0B8 /* SBJsonWriter.m */; };
		61368D7D1517F96F00C4F0B8 /* FacebookConnectPlugin.m in Sources */ = {isa = PBXBuildFile; fileRef = 61368D7C1517F96F00C4F0B8 /* FacebookConnectPlugin.m */; };
		61992AAF14F6DAE1009FE7AC /* MainViewController.m in Sources */ = {isa = PBXBuildFile; fileRef = 61992AAD14F6DAE1009FE7AC /* MainViewController.m */; };
		61992AB014F6DAE1009FE7AC /* MainViewController.xib in Resources */ = {isa = PBXBuildFile; fileRef = 61992AAE14F6DAE1009FE7AC /* MainViewController.xib */; };
		D43186C1152E350C00E19905 /* Default-Landscape@2x~ipad.png in Resources */ = {isa = PBXBuildFile; fileRef = D43186C0152E350C00E19905 /* Default-Landscape@2x~ipad.png */; };
		D43186C4152E351300E19905 /* Default-Portrait@2x~ipad.png in Resources */ = {isa = PBXBuildFile; fileRef = D43186C3152E351300E19905 /* Default-Portrait@2x~ipad.png */; };
		D458BF531517A93C00EF714B /* icon-72@2x.png in Resources */ = {isa = PBXBuildFile; fileRef = D458BF521517A93C00EF714B /* icon-72@2x.png */; };
		D481B960145DFE5D00D9F872 /* www in Resources */ = {isa = PBXBuildFile; fileRef = D481B95F145DFE5D00D9F872 /* www */; };
		D4843A8B147DAC2D007499DC /* Default-Landscape~ipad.png in Resources */ = {isa = PBXBuildFile; fileRef = D4843A89147DAC2D007499DC /* Default-Landscape~ipad.png */; };
		D4843A8C147DAC2D007499DC /* Default-Portrait~ipad.png in Resources */ = {isa = PBXBuildFile; fileRef = D4843A8A147DAC2D007499DC /* Default-Portrait~ipad.png */; };
		D4BE95FF145DFD2D0025EC00 /* Foundation.framework in Frameworks */ = {isa = PBXBuildFile; fileRef = D4BE95FE145DFD2D0025EC00 /* Foundation.framework */; };
		D4BE9601145DFD2D0025EC00 /* UIKit.framework in Frameworks */ = {isa = PBXBuildFile; fileRef = D4BE9600145DFD2D0025EC00 /* UIKit.framework */; };
		D4BE9603145DFD2D0025EC00 /* CoreGraphics.framework in Frameworks */ = {isa = PBXBuildFile; fileRef = D4BE9602145DFD2D0025EC00 /* CoreGraphics.framework */; };
		D4BE9605145DFD2D0025EC00 /* AddressBook.framework in Frameworks */ = {isa = PBXBuildFile; fileRef = D4BE9604145DFD2D0025EC00 /* AddressBook.framework */; };
		D4BE9607145DFD2D0025EC00 /* AddressBookUI.framework in Frameworks */ = {isa = PBXBuildFile; fileRef = D4BE9606145DFD2D0025EC00 /* AddressBookUI.framework */; };
		D4BE9609145DFD2D0025EC00 /* AudioToolbox.framework in Frameworks */ = {isa = PBXBuildFile; fileRef = D4BE9608145DFD2D0025EC00 /* AudioToolbox.framework */; };
		D4BE960B145DFD2D0025EC00 /* AVFoundation.framework in Frameworks */ = {isa = PBXBuildFile; fileRef = D4BE960A145DFD2D0025EC00 /* AVFoundation.framework */; };
		D4BE960D145DFD2D0025EC00 /* CoreLocation.framework in Frameworks */ = {isa = PBXBuildFile; fileRef = D4BE960C145DFD2D0025EC00 /* CoreLocation.framework */; };
		D4BE960F145DFD2D0025EC00 /* MediaPlayer.framework in Frameworks */ = {isa = PBXBuildFile; fileRef = D4BE960E145DFD2D0025EC00 /* MediaPlayer.framework */; };
		D4BE9611145DFD2D0025EC00 /* QuartzCore.framework in Frameworks */ = {isa = PBXBuildFile; fileRef = D4BE9610145DFD2D0025EC00 /* QuartzCore.framework */; };
		D4BE9613145DFD2D0025EC00 /* SystemConfiguration.framework in Frameworks */ = {isa = PBXBuildFile; fileRef = D4BE9612145DFD2D0025EC00 /* SystemConfiguration.framework */; };
		D4BE9615145DFD2D0025EC00 /* MobileCoreServices.framework in Frameworks */ = {isa = PBXBuildFile; fileRef = D4BE9614145DFD2D0025EC00 /* MobileCoreServices.framework */; };
		D4BE9617145DFD2D0025EC00 /* CoreMedia.framework in Frameworks */ = {isa = PBXBuildFile; fileRef = D4BE9616145DFD2D0025EC00 /* CoreMedia.framework */; };
		D4BE961D145DFD2D0025EC00 /* InfoPlist.strings in Resources */ = {isa = PBXBuildFile; fileRef = D4BE961B145DFD2D0025EC00 /* InfoPlist.strings */; };
		D4BE961F145DFD2D0025EC00 /* main.m in Sources */ = {isa = PBXBuildFile; fileRef = D4BE961E145DFD2D0025EC00 /* main.m */; };
		D4BE9622145DFD2D0025EC00 /* PhoneGap.framework in Frameworks */ = {isa = PBXBuildFile; fileRef = D4BE9621145DFD2D0025EC00 /* PhoneGap.framework */; };
		D4BE9627145DFD2D0025EC00 /* Localizable.strings in Resources */ = {isa = PBXBuildFile; fileRef = D4BE9625145DFD2D0025EC00 /* Localizable.strings */; };
		D4BE962E145DFD2D0025EC00 /* icon.png in Resources */ = {isa = PBXBuildFile; fileRef = D4BE962D145DFD2D0025EC00 /* icon.png */; };
		D4BE9630145DFD2D0025EC00 /* icon@2x.png in Resources */ = {isa = PBXBuildFile; fileRef = D4BE962F145DFD2D0025EC00 /* icon@2x.png */; };
		D4BE9632145DFD2D0025EC00 /* icon-72.png in Resources */ = {isa = PBXBuildFile; fileRef = D4BE9631145DFD2D0025EC00 /* icon-72.png */; };
		D4BE9635145DFD2D0025EC00 /* Default.png in Resources */ = {isa = PBXBuildFile; fileRef = D4BE9634145DFD2D0025EC00 /* Default.png */; };
		D4BE9637145DFD2D0025EC00 /* Default@2x.png in Resources */ = {isa = PBXBuildFile; fileRef = D4BE9636145DFD2D0025EC00 /* Default@2x.png */; };
		D4BE9639145DFD2D0025EC00 /* Capture.bundle in Resources */ = {isa = PBXBuildFile; fileRef = D4BE9638145DFD2D0025EC00 /* Capture.bundle */; };
		D4BE963B145DFD2D0025EC00 /* PhoneGap.plist in Resources */ = {isa = PBXBuildFile; fileRef = D4BE963A145DFD2D0025EC00 /* PhoneGap.plist */; };
		D4BE963F145DFD2D0025EC00 /* AppDelegate.m in Sources */ = {isa = PBXBuildFile; fileRef = D4BE963E145DFD2D0025EC00 /* AppDelegate.m */; };
		D4E8A4B514D08ED400993351 /* ActionSheet.js in Sources */ = {isa = PBXBuildFile; fileRef = D4E8A4B314D08ED400993351 /* ActionSheet.js */; };
		D4E8A4B614D08ED400993351 /* ActionSheet.m in Sources */ = {isa = PBXBuildFile; fileRef = D4E8A4B414D08ED400993351 /* ActionSheet.m */; };
/* End PBXBuildFile section */

/* Begin PBXFileReference section */
		0719935614CDDBA700D60D9C /* Security.framework */ = {isa = PBXFileReference; lastKnownFileType = wrapper.framework; name = Security.framework; path = System/Library/Frameworks/Security.framework; sourceTree = SDKROOT; };
		0719935814CDDBB400D60D9C /* MessageUI.framework */ = {isa = PBXFileReference; lastKnownFileType = wrapper.framework; name = MessageUI.framework; path = System/Library/Frameworks/MessageUI.framework; sourceTree = SDKROOT; };
		0719952C14CDEEF500D60D9C /* Twitter.framework */ = {isa = PBXFileReference; lastKnownFileType = wrapper.framework; name = Twitter.framework; path = System/Library/Frameworks/Twitter.framework; sourceTree = SDKROOT; };
		07220CB014CE0A2A00339B1F /* CFNetwork.framework */ = {isa = PBXFileReference; lastKnownFileType = wrapper.framework; name = CFNetwork.framework; path = System/Library/Frameworks/CFNetwork.framework; sourceTree = SDKROOT; };
		6108B3FE1512AF2900779B71 /* TwitterPlugin.h */ = {isa = PBXFileReference; fileEncoding = 4; lastKnownFileType = sourcecode.c.h; path = TwitterPlugin.h; sourceTree = "<group>"; };
		6108B3FF1512AF2900779B71 /* TwitterPlugin.m */ = {isa = PBXFileReference; fileEncoding = 4; lastKnownFileType = sourcecode.c.objc; path = TwitterPlugin.m; sourceTree = "<group>"; };
		6108B4011512B0CA00779B71 /* Accounts.framework */ = {isa = PBXFileReference; lastKnownFileType = wrapper.framework; name = Accounts.framework; path = System/Library/Frameworks/Accounts.framework; sourceTree = SDKROOT; };
		61368D4A1517F01300C4F0B8 /* ReadItLaterFull.h */ = {isa = PBXFileReference; fileEncoding = 4; lastKnownFileType = sourcecode.c.h; path = ReadItLaterFull.h; sourceTree = "<group>"; };
		61368D4B1517F01300C4F0B8 /* ReadItLaterFull.m */ = {isa = PBXFileReference; fileEncoding = 4; lastKnownFileType = sourcecode.c.objc; path = ReadItLaterFull.m; sourceTree = "<group>"; };
		61368D4C1517F01300C4F0B8 /* ReadItLaterLite.h */ = {isa = PBXFileReference; fileEncoding = 4; lastKnownFileType = sourcecode.c.h; path = ReadItLaterLite.h; sourceTree = "<group>"; };
		61368D4D1517F01300C4F0B8 /* ReadItLaterLite.m */ = {isa = PBXFileReference; fileEncoding = 4; lastKnownFileType = sourcecode.c.objc; path = ReadItLaterLite.m; sourceTree = "<group>"; };
		61368D4E1517F01300C4F0B8 /* ReadItLaterPlugin.h */ = {isa = PBXFileReference; fileEncoding = 4; lastKnownFileType = sourcecode.c.h; path = ReadItLaterPlugin.h; sourceTree = "<group>"; };
		61368D4F1517F01300C4F0B8 /* ReadItLaterPlugin.m */ = {isa = PBXFileReference; fileEncoding = 4; lastKnownFileType = sourcecode.c.objc; path = ReadItLaterPlugin.m; sourceTree = "<group>"; };
		61368D541517F94F00C4F0B8 /* Facebook.h */ = {isa = PBXFileReference; fileEncoding = 4; lastKnownFileType = sourcecode.c.h; path = Facebook.h; sourceTree = "<group>"; };
		61368D551517F94F00C4F0B8 /* Facebook.m */ = {isa = PBXFileReference; fileEncoding = 4; lastKnownFileType = sourcecode.c.objc; path = Facebook.m; sourceTree = "<group>"; };
		61368D561517F94F00C4F0B8 /* FBConnect.h */ = {isa = PBXFileReference; fileEncoding = 4; lastKnownFileType = sourcecode.c.h; path = FBConnect.h; sourceTree = "<group>"; };
		61368D571517F94F00C4F0B8 /* FBDialog.bundle */ = {isa = PBXFileReference; lastKnownFileType = "wrapper.plug-in"; path = FBDialog.bundle; sourceTree = "<group>"; };
		61368D581517F94F00C4F0B8 /* FBDialog.h */ = {isa = PBXFileReference; fileEncoding = 4; lastKnownFileType = sourcecode.c.h; path = FBDialog.h; sourceTree = "<group>"; };
		61368D591517F94F00C4F0B8 /* FBDialog.m */ = {isa = PBXFileReference; fileEncoding = 4; lastKnownFileType = sourcecode.c.objc; path = FBDialog.m; sourceTree = "<group>"; };
		61368D5A1517F94F00C4F0B8 /* FBFrictionlessRequestSettings.h */ = {isa = PBXFileReference; fileEncoding = 4; lastKnownFileType = sourcecode.c.h; path = FBFrictionlessRequestSettings.h; sourceTree = "<group>"; };
		61368D5B1517F94F00C4F0B8 /* FBFrictionlessRequestSettings.m */ = {isa = PBXFileReference; fileEncoding = 4; lastKnownFileType = sourcecode.c.objc; path = FBFrictionlessRequestSettings.m; sourceTree = "<group>"; };
		61368D5C1517F94F00C4F0B8 /* FBLoginDialog.h */ = {isa = PBXFileReference; fileEncoding = 4; lastKnownFileType = sourcecode.c.h; path = FBLoginDialog.h; sourceTree = "<group>"; };
		61368D5D1517F94F00C4F0B8 /* FBLoginDialog.m */ = {isa = PBXFileReference; fileEncoding = 4; lastKnownFileType = sourcecode.c.objc; path = FBLoginDialog.m; sourceTree = "<group>"; };
		61368D5E1517F94F00C4F0B8 /* FBRequest.h */ = {isa = PBXFileReference; fileEncoding = 4; lastKnownFileType = sourcecode.c.h; path = FBRequest.h; sourceTree = "<group>"; };
		61368D5F1517F94F00C4F0B8 /* FBRequest.m */ = {isa = PBXFileReference; fileEncoding = 4; lastKnownFileType = sourcecode.c.objc; path = FBRequest.m; sourceTree = "<group>"; };
		61368D611517F94F00C4F0B8 /* JSON.h */ = {isa = PBXFileReference; fileEncoding = 4; lastKnownFileType = sourcecode.c.h; path = JSON.h; sourceTree = "<group>"; };
		61368D621517F94F00C4F0B8 /* NSObject+SBJSON.h */ = {isa = PBXFileReference; fileEncoding = 4; lastKnownFileType = sourcecode.c.h; path = "NSObject+SBJSON.h"; sourceTree = "<group>"; };
		61368D631517F94F00C4F0B8 /* NSObject+SBJSON.m */ = {isa = PBXFileReference; fileEncoding = 4; lastKnownFileType = sourcecode.c.objc; path = "NSObject+SBJSON.m"; sourceTree = "<group>"; };
		61368D641517F94F00C4F0B8 /* NSString+SBJSON.h */ = {isa = PBXFileReference; fileEncoding = 4; lastKnownFileType = sourcecode.c.h; path = "NSString+SBJSON.h"; sourceTree = "<group>"; };
		61368D651517F94F00C4F0B8 /* NSString+SBJSON.m */ = {isa = PBXFileReference; fileEncoding = 4; lastKnownFileType = sourcecode.c.objc; path = "NSString+SBJSON.m"; sourceTree = "<group>"; };
		61368D661517F94F00C4F0B8 /* SBJSON.h */ = {isa = PBXFileReference; fileEncoding = 4; lastKnownFileType = sourcecode.c.h; path = SBJSON.h; sourceTree = "<group>"; };
		61368D671517F94F00C4F0B8 /* SBJSON.m */ = {isa = PBXFileReference; fileEncoding = 4; lastKnownFileType = sourcecode.c.objc; path = SBJSON.m; sourceTree = "<group>"; };
		61368D681517F94F00C4F0B8 /* SBJsonBase.h */ = {isa = PBXFileReference; fileEncoding = 4; lastKnownFileType = sourcecode.c.h; path = SBJsonBase.h; sourceTree = "<group>"; };
		61368D691517F94F00C4F0B8 /* SBJsonBase.m */ = {isa = PBXFileReference; fileEncoding = 4; lastKnownFileType = sourcecode.c.objc; path = SBJsonBase.m; sourceTree = "<group>"; };
		61368D6A1517F94F00C4F0B8 /* SBJsonParser.h */ = {isa = PBXFileReference; fileEncoding = 4; lastKnownFileType = sourcecode.c.h; path = SBJsonParser.h; sourceTree = "<group>"; };
		61368D6B1517F94F00C4F0B8 /* SBJsonParser.m */ = {isa = PBXFileReference; fileEncoding = 4; lastKnownFileType = sourcecode.c.objc; path = SBJsonParser.m; sourceTree = "<group>"; };
		61368D6C1517F94F00C4F0B8 /* SBJsonWriter.h */ = {isa = PBXFileReference; fileEncoding = 4; lastKnownFileType = sourcecode.c.h; path = SBJsonWriter.h; sourceTree = "<group>"; };
		61368D6D1517F94F00C4F0B8 /* SBJsonWriter.m */ = {isa = PBXFileReference; fileEncoding = 4; lastKnownFileType = sourcecode.c.objc; path = SBJsonWriter.m; sourceTree = "<group>"; };
		61368D7B1517F96F00C4F0B8 /* FacebookConnectPlugin.h */ = {isa = PBXFileReference; fileEncoding = 4; lastKnownFileType = sourcecode.c.h; path = FacebookConnectPlugin.h; sourceTree = "<group>"; };
		61368D7C1517F96F00C4F0B8 /* FacebookConnectPlugin.m */ = {isa = PBXFileReference; fileEncoding = 4; lastKnownFileType = sourcecode.c.objc; path = FacebookConnectPlugin.m; sourceTree = "<group>"; };
		61992AAC14F6DAE1009FE7AC /* MainViewController.h */ = {isa = PBXFileReference; fileEncoding = 4; lastKnownFileType = sourcecode.c.h; name = MainViewController.h; path = Classes/MainViewController.h; sourceTree = "<group>"; };
		61992AAD14F6DAE1009FE7AC /* MainViewController.m */ = {isa = PBXFileReference; fileEncoding = 4; lastKnownFileType = sourcecode.c.objc; name = MainViewController.m; path = Classes/MainViewController.m; sourceTree = "<group>"; };
		61992AAE14F6DAE1009FE7AC /* MainViewController.xib */ = {isa = PBXFileReference; fileEncoding = 4; lastKnownFileType = file.xib; name = MainViewController.xib; path = Classes/MainViewController.xib; sourceTree = "<group>"; };
		D424DED914C0FAC40086FF61 /* README.md */ = {isa = PBXFileReference; fileEncoding = 4; lastKnownFileType = text; path = README.md; sourceTree = "<group>"; };
		D43186C0152E350C00E19905 /* Default-Landscape@2x~ipad.png */ = {isa = PBXFileReference; lastKnownFileType = image.png; name = "Default-Landscape@2x~ipad.png"; path = "Resources/splash/Default-Landscape@2x~ipad.png"; sourceTree = "<group>"; };
		D43186C3152E351300E19905 /* Default-Portrait@2x~ipad.png */ = {isa = PBXFileReference; lastKnownFileType = image.png; name = "Default-Portrait@2x~ipad.png"; path = "Resources/splash/Default-Portrait@2x~ipad.png"; sourceTree = "<group>"; };
		D458BF521517A93C00EF714B /* icon-72@2x.png */ = {isa = PBXFileReference; lastKnownFileType = image.png; name = "icon-72@2x.png"; path = "Resources/icons/icon-72@2x.png"; sourceTree = "<group>"; };
		D481B95F145DFE5D00D9F872 /* www */ = {isa = PBXFileReference; lastKnownFileType = folder; name = www; path = assets/www; sourceTree = "<group>"; };
		D4843A89147DAC2D007499DC /* Default-Landscape~ipad.png */ = {isa = PBXFileReference; lastKnownFileType = image.png; name = "Default-Landscape~ipad.png"; path = "Resources/splash/Default-Landscape~ipad.png"; sourceTree = "<group>"; };
		D4843A8A147DAC2D007499DC /* Default-Portrait~ipad.png */ = {isa = PBXFileReference; lastKnownFileType = image.png; name = "Default-Portrait~ipad.png"; path = "Resources/splash/Default-Portrait~ipad.png"; sourceTree = "<group>"; };
		D4BE95FA145DFD2D0025EC00 /* Wikipedia-iOS.app */ = {isa = PBXFileReference; explicitFileType = wrapper.application; includeInIndex = 0; path = "Wikipedia-iOS.app"; sourceTree = BUILT_PRODUCTS_DIR; };
		D4BE95FE145DFD2D0025EC00 /* Foundation.framework */ = {isa = PBXFileReference; lastKnownFileType = wrapper.framework; name = Foundation.framework; path = System/Library/Frameworks/Foundation.framework; sourceTree = SDKROOT; };
		D4BE9600145DFD2D0025EC00 /* UIKit.framework */ = {isa = PBXFileReference; lastKnownFileType = wrapper.framework; name = UIKit.framework; path = System/Library/Frameworks/UIKit.framework; sourceTree = SDKROOT; };
		D4BE9602145DFD2D0025EC00 /* CoreGraphics.framework */ = {isa = PBXFileReference; lastKnownFileType = wrapper.framework; name = CoreGraphics.framework; path = System/Library/Frameworks/CoreGraphics.framework; sourceTree = SDKROOT; };
		D4BE9604145DFD2D0025EC00 /* AddressBook.framework */ = {isa = PBXFileReference; lastKnownFileType = wrapper.framework; name = AddressBook.framework; path = System/Library/Frameworks/AddressBook.framework; sourceTree = SDKROOT; };
		D4BE9606145DFD2D0025EC00 /* AddressBookUI.framework */ = {isa = PBXFileReference; lastKnownFileType = wrapper.framework; name = AddressBookUI.framework; path = System/Library/Frameworks/AddressBookUI.framework; sourceTree = SDKROOT; };
		D4BE9608145DFD2D0025EC00 /* AudioToolbox.framework */ = {isa = PBXFileReference; lastKnownFileType = wrapper.framework; name = AudioToolbox.framework; path = System/Library/Frameworks/AudioToolbox.framework; sourceTree = SDKROOT; };
		D4BE960A145DFD2D0025EC00 /* AVFoundation.framework */ = {isa = PBXFileReference; lastKnownFileType = wrapper.framework; name = AVFoundation.framework; path = System/Library/Frameworks/AVFoundation.framework; sourceTree = SDKROOT; };
		D4BE960C145DFD2D0025EC00 /* CoreLocation.framework */ = {isa = PBXFileReference; lastKnownFileType = wrapper.framework; name = CoreLocation.framework; path = System/Library/Frameworks/CoreLocation.framework; sourceTree = SDKROOT; };
		D4BE960E145DFD2D0025EC00 /* MediaPlayer.framework */ = {isa = PBXFileReference; lastKnownFileType = wrapper.framework; name = MediaPlayer.framework; path = System/Library/Frameworks/MediaPlayer.framework; sourceTree = SDKROOT; };
		D4BE9610145DFD2D0025EC00 /* QuartzCore.framework */ = {isa = PBXFileReference; lastKnownFileType = wrapper.framework; name = QuartzCore.framework; path = System/Library/Frameworks/QuartzCore.framework; sourceTree = SDKROOT; };
		D4BE9612145DFD2D0025EC00 /* SystemConfiguration.framework */ = {isa = PBXFileReference; lastKnownFileType = wrapper.framework; name = SystemConfiguration.framework; path = System/Library/Frameworks/SystemConfiguration.framework; sourceTree = SDKROOT; };
		D4BE9614145DFD2D0025EC00 /* MobileCoreServices.framework */ = {isa = PBXFileReference; lastKnownFileType = wrapper.framework; name = MobileCoreServices.framework; path = System/Library/Frameworks/MobileCoreServices.framework; sourceTree = SDKROOT; };
		D4BE9616145DFD2D0025EC00 /* CoreMedia.framework */ = {isa = PBXFileReference; lastKnownFileType = wrapper.framework; name = CoreMedia.framework; path = System/Library/Frameworks/CoreMedia.framework; sourceTree = SDKROOT; };
		D4BE961A145DFD2D0025EC00 /* Wikipedia-iOS-Info.plist */ = {isa = PBXFileReference; lastKnownFileType = text.plist.xml; path = "Wikipedia-iOS-Info.plist"; sourceTree = "<group>"; };
		D4BE961C145DFD2D0025EC00 /* en */ = {isa = PBXFileReference; lastKnownFileType = text.plist.strings; name = en; path = en.lproj/InfoPlist.strings; sourceTree = "<group>"; };
		D4BE961E145DFD2D0025EC00 /* main.m */ = {isa = PBXFileReference; lastKnownFileType = sourcecode.c.objc; path = main.m; sourceTree = "<group>"; };
		D4BE9620145DFD2D0025EC00 /* Wikipedia-iOS-Prefix.pch */ = {isa = PBXFileReference; lastKnownFileType = sourcecode.c.h; path = "Wikipedia-iOS-Prefix.pch"; sourceTree = "<group>"; };
		D4BE9621145DFD2D0025EC00 /* PhoneGap.framework */ = {isa = PBXFileReference; lastKnownFileType = wrapper.framework; name = PhoneGap.framework; path = /Users/Shared/PhoneGap/Frameworks/PhoneGap.framework; sourceTree = "<absolute>"; };
		D4BE9626145DFD2D0025EC00 /* en */ = {isa = PBXFileReference; lastKnownFileType = text.plist.strings; name = en; path = Resources/en.lproj/Localizable.strings; sourceTree = "<group>"; };
		D4BE962A145DFD2D0025EC00 /* es */ = {isa = PBXFileReference; lastKnownFileType = text.plist.strings; name = es; path = Resources/es.lproj/Localizable.strings; sourceTree = "<group>"; };
		D4BE962D145DFD2D0025EC00 /* icon.png */ = {isa = PBXFileReference; lastKnownFileType = image.png; name = icon.png; path = Resources/icons/icon.png; sourceTree = "<group>"; };
		D4BE962F145DFD2D0025EC00 /* icon@2x.png */ = {isa = PBXFileReference; lastKnownFileType = image.png; name = "icon@2x.png"; path = "Resources/icons/icon@2x.png"; sourceTree = "<group>"; };
		D4BE9631145DFD2D0025EC00 /* icon-72.png */ = {isa = PBXFileReference; lastKnownFileType = image.png; name = "icon-72.png"; path = "Resources/icons/icon-72.png"; sourceTree = "<group>"; };
		D4BE9634145DFD2D0025EC00 /* Default.png */ = {isa = PBXFileReference; lastKnownFileType = image.png; name = Default.png; path = Resources/splash/Default.png; sourceTree = "<group>"; };
		D4BE9636145DFD2D0025EC00 /* Default@2x.png */ = {isa = PBXFileReference; lastKnownFileType = image.png; name = "Default@2x.png"; path = "Resources/splash/Default@2x.png"; sourceTree = "<group>"; };
		D4BE9638145DFD2D0025EC00 /* Capture.bundle */ = {isa = PBXFileReference; lastKnownFileType = "wrapper.plug-in"; name = Capture.bundle; path = Resources/Capture.bundle; sourceTree = "<group>"; };
		D4BE963A145DFD2D0025EC00 /* PhoneGap.plist */ = {isa = PBXFileReference; lastKnownFileType = text.plist.xml; path = PhoneGap.plist; sourceTree = "<group>"; };
		D4BE963D145DFD2D0025EC00 /* AppDelegate.h */ = {isa = PBXFileReference; lastKnownFileType = sourcecode.c.h; name = AppDelegate.h; path = Classes/AppDelegate.h; sourceTree = "<group>"; };
		D4BE963E145DFD2D0025EC00 /* AppDelegate.m */ = {isa = PBXFileReference; lastKnownFileType = sourcecode.c.objc; name = AppDelegate.m; path = Classes/AppDelegate.m; sourceTree = "<group>"; };
		D4BE9641145DFD2D0025EC00 /* README */ = {isa = PBXFileReference; lastKnownFileType = text; name = README; path = Plugins/README; sourceTree = "<group>"; };
		D4E8A4B214D08ED400993351 /* ActionSheet.h */ = {isa = PBXFileReference; fileEncoding = 4; lastKnownFileType = sourcecode.c.h; name = ActionSheet.h; path = "Wikipedia-iOS/Plugins/ActionSheet/ActionSheet.h"; sourceTree = SOURCE_ROOT; };
		D4E8A4B314D08ED400993351 /* ActionSheet.js */ = {isa = PBXFileReference; fileEncoding = 4; lastKnownFileType = sourcecode.javascript; name = ActionSheet.js; path = "Wikipedia-iOS/Plugins/ActionSheet/ActionSheet.js"; sourceTree = SOURCE_ROOT; };
		D4E8A4B414D08ED400993351 /* ActionSheet.m */ = {isa = PBXFileReference; fileEncoding = 4; lastKnownFileType = sourcecode.c.objc; name = ActionSheet.m; path = "Wikipedia-iOS/Plugins/ActionSheet/ActionSheet.m"; sourceTree = SOURCE_ROOT; };
/* End PBXFileReference section */

/* Begin PBXFrameworksBuildPhase section */
		D4BE95F4145DFD2D0025EC00 /* Frameworks */ = {
			isa = PBXFrameworksBuildPhase;
			buildActionMask = 2147483647;
			files = (
				6108B4021512B0CA00779B71 /* Accounts.framework in Frameworks */,
				07220CB114CE0A3400339B1F /* CFNetwork.framework in Frameworks */,
				0719952D14CDEEF500D60D9C /* Twitter.framework in Frameworks */,
				0719935914CDDBB400D60D9C /* MessageUI.framework in Frameworks */,
				0719935714CDDBA700D60D9C /* Security.framework in Frameworks */,
				D4BE95FF145DFD2D0025EC00 /* Foundation.framework in Frameworks */,
				D4BE9601145DFD2D0025EC00 /* UIKit.framework in Frameworks */,
				D4BE9603145DFD2D0025EC00 /* CoreGraphics.framework in Frameworks */,
				D4BE9605145DFD2D0025EC00 /* AddressBook.framework in Frameworks */,
				D4BE9607145DFD2D0025EC00 /* AddressBookUI.framework in Frameworks */,
				D4BE9609145DFD2D0025EC00 /* AudioToolbox.framework in Frameworks */,
				D4BE960B145DFD2D0025EC00 /* AVFoundation.framework in Frameworks */,
				D4BE960D145DFD2D0025EC00 /* CoreLocation.framework in Frameworks */,
				D4BE960F145DFD2D0025EC00 /* MediaPlayer.framework in Frameworks */,
				D4BE9611145DFD2D0025EC00 /* QuartzCore.framework in Frameworks */,
				D4BE9613145DFD2D0025EC00 /* SystemConfiguration.framework in Frameworks */,
				D4BE9615145DFD2D0025EC00 /* MobileCoreServices.framework in Frameworks */,
				D4BE9617145DFD2D0025EC00 /* CoreMedia.framework in Frameworks */,
				D4BE9622145DFD2D0025EC00 /* PhoneGap.framework in Frameworks */,
			);
			runOnlyForDeploymentPostprocessing = 0;
		};
		D4BE95F7145DFD2D0025EC00 /* Frameworks */ = {
			isa = PBXFrameworksBuildPhase;
			buildActionMask = 2147483647;
			files = (
			);
			runOnlyForDeploymentPostprocessing = 0;
		};
/* End PBXFrameworksBuildPhase section */

/* Begin PBXGroup section */
		6108B3FD1512AF0800779B71 /* Twitter */ = {
			isa = PBXGroup;
			children = (
				6108B3FE1512AF2900779B71 /* TwitterPlugin.h */,
				6108B3FF1512AF2900779B71 /* TwitterPlugin.m */,
			);
			name = Twitter;
			sourceTree = "<group>";
		};
		61368D491517F01300C4F0B8 /* ReadItLater */ = {
			isa = PBXGroup;
			children = (
				61368D4A1517F01300C4F0B8 /* ReadItLaterFull.h */,
				61368D4B1517F01300C4F0B8 /* ReadItLaterFull.m */,
				61368D4C1517F01300C4F0B8 /* ReadItLaterLite.h */,
				61368D4D1517F01300C4F0B8 /* ReadItLaterLite.m */,
				61368D4E1517F01300C4F0B8 /* ReadItLaterPlugin.h */,
				61368D4F1517F01300C4F0B8 /* ReadItLaterPlugin.m */,
			);
			path = ReadItLater;
			sourceTree = "<group>";
		};
		61368D531517F94F00C4F0B8 /* facebook-ios-sdk */ = {
			isa = PBXGroup;
			children = (
				61368D541517F94F00C4F0B8 /* Facebook.h */,
				61368D551517F94F00C4F0B8 /* Facebook.m */,
				61368D561517F94F00C4F0B8 /* FBConnect.h */,
				61368D571517F94F00C4F0B8 /* FBDialog.bundle */,
				61368D581517F94F00C4F0B8 /* FBDialog.h */,
				61368D591517F94F00C4F0B8 /* FBDialog.m */,
				61368D5A1517F94F00C4F0B8 /* FBFrictionlessRequestSettings.h */,
				61368D5B1517F94F00C4F0B8 /* FBFrictionlessRequestSettings.m */,
				61368D5C1517F94F00C4F0B8 /* FBLoginDialog.h */,
				61368D5D1517F94F00C4F0B8 /* FBLoginDialog.m */,
				61368D5E1517F94F00C4F0B8 /* FBRequest.h */,
				61368D5F1517F94F00C4F0B8 /* FBRequest.m */,
				61368D601517F94F00C4F0B8 /* JSON */,
			);
			path = "facebook-ios-sdk";
			sourceTree = "<group>";
		};
		61368D601517F94F00C4F0B8 /* JSON */ = {
			isa = PBXGroup;
			children = (
				61368D611517F94F00C4F0B8 /* JSON.h */,
				61368D621517F94F00C4F0B8 /* NSObject+SBJSON.h */,
				61368D631517F94F00C4F0B8 /* NSObject+SBJSON.m */,
				61368D641517F94F00C4F0B8 /* NSString+SBJSON.h */,
				61368D651517F94F00C4F0B8 /* NSString+SBJSON.m */,
				61368D661517F94F00C4F0B8 /* SBJSON.h */,
				61368D671517F94F00C4F0B8 /* SBJSON.m */,
				61368D681517F94F00C4F0B8 /* SBJsonBase.h */,
				61368D691517F94F00C4F0B8 /* SBJsonBase.m */,
				61368D6A1517F94F00C4F0B8 /* SBJsonParser.h */,
				61368D6B1517F94F00C4F0B8 /* SBJsonParser.m */,
				61368D6C1517F94F00C4F0B8 /* SBJsonWriter.h */,
				61368D6D1517F94F00C4F0B8 /* SBJsonWriter.m */,
			);
			path = JSON;
			sourceTree = "<group>";
		};
		61368D7A1517F96F00C4F0B8 /* FacebookConnectPlugin */ = {
			isa = PBXGroup;
			children = (
				61368D7B1517F96F00C4F0B8 /* FacebookConnectPlugin.h */,
				61368D7C1517F96F00C4F0B8 /* FacebookConnectPlugin.m */,
			);
			path = FacebookConnectPlugin;
			sourceTree = "<group>";
		};
		D424DED514C0FAC30086FF61 /* ActionSheet */ = {
			isa = PBXGroup;
			children = (
				D4E8A4B214D08ED400993351 /* ActionSheet.h */,
				D4E8A4B314D08ED400993351 /* ActionSheet.js */,
				D4E8A4B414D08ED400993351 /* ActionSheet.m */,
				D424DED914C0FAC40086FF61 /* README.md */,
			);
			path = ActionSheet;
			sourceTree = "<group>";
		};
		D4BE95EC145DFD2D0025EC00 = {
			isa = PBXGroup;
			children = (
				6108B4011512B0CA00779B71 /* Accounts.framework */,
				D481B95F145DFE5D00D9F872 /* www */,
				D4BE9618145DFD2D0025EC00 /* Wikipedia-iOS */,
				D4BE95FD145DFD2D0025EC00 /* Frameworks */,
				D4BE95FB145DFD2D0025EC00 /* Products */,
			);
			sourceTree = "<group>";
		};
		D4BE95FB145DFD2D0025EC00 /* Products */ = {
			isa = PBXGroup;
			children = (
				D4BE95FA145DFD2D0025EC00 /* Wikipedia-iOS.app */,
			);
			name = Products;
			sourceTree = "<group>";
		};
		D4BE95FD145DFD2D0025EC00 /* Frameworks */ = {
			isa = PBXGroup;
			children = (
				07220CB014CE0A2A00339B1F /* CFNetwork.framework */,
				0719952C14CDEEF500D60D9C /* Twitter.framework */,
				D4BE9621145DFD2D0025EC00 /* PhoneGap.framework */,
				0719935814CDDBB400D60D9C /* MessageUI.framework */,
				0719935614CDDBA700D60D9C /* Security.framework */,
				D4BE95FE145DFD2D0025EC00 /* Foundation.framework */,
				D4BE9600145DFD2D0025EC00 /* UIKit.framework */,
				D4BE9602145DFD2D0025EC00 /* CoreGraphics.framework */,
				D4BE9604145DFD2D0025EC00 /* AddressBook.framework */,
				D4BE9606145DFD2D0025EC00 /* AddressBookUI.framework */,
				D4BE9608145DFD2D0025EC00 /* AudioToolbox.framework */,
				D4BE960A145DFD2D0025EC00 /* AVFoundation.framework */,
				D4BE960C145DFD2D0025EC00 /* CoreLocation.framework */,
				D4BE960E145DFD2D0025EC00 /* MediaPlayer.framework */,
				D4BE9610145DFD2D0025EC00 /* QuartzCore.framework */,
				D4BE9612145DFD2D0025EC00 /* SystemConfiguration.framework */,
				D4BE9614145DFD2D0025EC00 /* MobileCoreServices.framework */,
				D4BE9616145DFD2D0025EC00 /* CoreMedia.framework */,
			);
			name = Frameworks;
			sourceTree = "<group>";
		};
		D4BE9618145DFD2D0025EC00 /* Wikipedia-iOS */ = {
			isa = PBXGroup;
			children = (
				D4BE9623145DFD2D0025EC00 /* Resources */,
				D4BE963C145DFD2D0025EC00 /* Classes */,
				D4BE9640145DFD2D0025EC00 /* Plugins */,
				D4BE9619145DFD2D0025EC00 /* Supporting Files */,
			);
			path = "Wikipedia-iOS";
			sourceTree = "<group>";
		};
		D4BE9619145DFD2D0025EC00 /* Supporting Files */ = {
			isa = PBXGroup;
			children = (
				D4BE961A145DFD2D0025EC00 /* Wikipedia-iOS-Info.plist */,
				D4BE961B145DFD2D0025EC00 /* InfoPlist.strings */,
				D4BE961E145DFD2D0025EC00 /* main.m */,
				D4BE9620145DFD2D0025EC00 /* Wikipedia-iOS-Prefix.pch */,
				D4BE963A145DFD2D0025EC00 /* PhoneGap.plist */,
			);
			name = "Supporting Files";
			sourceTree = "<group>";
		};
		D4BE9623145DFD2D0025EC00 /* Resources */ = {
			isa = PBXGroup;
			children = (
				D4BE9638145DFD2D0025EC00 /* Capture.bundle */,
				D4BE9624145DFD2D0025EC00 /* en.lproj */,
				D4BE9628145DFD2D0025EC00 /* es.lproj */,
				D4BE962C145DFD2D0025EC00 /* icons */,
				D4BE9633145DFD2D0025EC00 /* splash */,
			);
			name = Resources;
			sourceTree = "<group>";
		};
		D4BE9624145DFD2D0025EC00 /* en.lproj */ = {
			isa = PBXGroup;
			children = (
				D4BE9625145DFD2D0025EC00 /* Localizable.strings */,
			);
			name = en.lproj;
			sourceTree = "<group>";
		};
		D4BE9628145DFD2D0025EC00 /* es.lproj */ = {
			isa = PBXGroup;
			children = (
				D4BE9629145DFD2D0025EC00 /* Localizable.strings */,
			);
			name = es.lproj;
			sourceTree = "<group>";
		};
		D4BE962C145DFD2D0025EC00 /* icons */ = {
			isa = PBXGroup;
			children = (
				D458BF521517A93C00EF714B /* icon-72@2x.png */,
				D4BE962D145DFD2D0025EC00 /* icon.png */,
				D4BE962F145DFD2D0025EC00 /* icon@2x.png */,
				D4BE9631145DFD2D0025EC00 /* icon-72.png */,
			);
			name = icons;
			sourceTree = "<group>";
		};
		D4BE9633145DFD2D0025EC00 /* splash */ = {
			isa = PBXGroup;
			children = (
				D43186C3152E351300E19905 /* Default-Portrait@2x~ipad.png */,
				D43186C0152E350C00E19905 /* Default-Landscape@2x~ipad.png */,
				D4843A89147DAC2D007499DC /* Default-Landscape~ipad.png */,
				D4843A8A147DAC2D007499DC /* Default-Portrait~ipad.png */,
				D4BE9634145DFD2D0025EC00 /* Default.png */,
				D4BE9636145DFD2D0025EC00 /* Default@2x.png */,
			);
			name = splash;
			sourceTree = "<group>";
		};
		D4BE963C145DFD2D0025EC00 /* Classes */ = {
			isa = PBXGroup;
			children = (
				61992AAC14F6DAE1009FE7AC /* MainViewController.h */,
				61992AAD14F6DAE1009FE7AC /* MainViewController.m */,
				61992AAE14F6DAE1009FE7AC /* MainViewController.xib */,
				D4BE963D145DFD2D0025EC00 /* AppDelegate.h */,
				D4BE963E145DFD2D0025EC00 /* AppDelegate.m */,
			);
			name = Classes;
			sourceTree = "<group>";
		};
		D4BE9640145DFD2D0025EC00 /* Plugins */ = {
			isa = PBXGroup;
			children = (
				61368D7A1517F96F00C4F0B8 /* FacebookConnectPlugin */,
				61368D531517F94F00C4F0B8 /* facebook-ios-sdk */,
				61368D491517F01300C4F0B8 /* ReadItLater */,
				6108B3FD1512AF0800779B71 /* Twitter */,
				D424DED514C0FAC30086FF61 /* ActionSheet */,
				D4BE9641145DFD2D0025EC00 /* README */,
			);
			path = Plugins;
			sourceTree = "<group>";
		};
/* End PBXGroup section */

/* Begin PBXNativeTarget section */
		D4BE95F9145DFD2D0025EC00 /* Wikipedia-iOS */ = {
			isa = PBXNativeTarget;
			buildConfigurationList = D4BE9644145DFD2D0025EC00 /* Build configuration list for PBXNativeTarget "Wikipedia-iOS" */;
			buildPhases = (
				D4BE95F3145DFD2D0025EC00 /* Sources */,
				D4BE95F4145DFD2D0025EC00 /* Frameworks */,
				D4BE95F5145DFD2D0025EC00 /* Resources */,
				D4BE95F6145DFD2D0025EC00 /* Sources */,
				D4BE95F7145DFD2D0025EC00 /* Frameworks */,
				D4BE95F8145DFD2D0025EC00 /* ShellScript */,
			);
			buildRules = (
			);
			dependencies = (
			);
			name = "Wikipedia-iOS";
			productName = "Wikipedia-iOS";
			productReference = D4BE95FA145DFD2D0025EC00 /* Wikipedia-iOS.app */;
			productType = "com.apple.product-type.application";
		};
/* End PBXNativeTarget section */

/* Begin PBXProject section */
		D4BE95EE145DFD2D0025EC00 /* Project object */ = {
			isa = PBXProject;
			attributes = {
				LastUpgradeCheck = 0420;
				ORGANIZATIONNAME = "Wikimedia Foundation";
			};
			buildConfigurationList = D4BE95F1145DFD2D0025EC00 /* Build configuration list for PBXProject "Wikipedia-iOS" */;
			compatibilityVersion = "Xcode 3.2";
			developmentRegion = English;
			hasScannedForEncodings = 0;
			knownRegions = (
				en,
				es,
				de,
			);
			mainGroup = D4BE95EC145DFD2D0025EC00;
			productRefGroup = D4BE95FB145DFD2D0025EC00 /* Products */;
			projectDirPath = "";
			projectRoot = "";
			targets = (
				D4BE95F9145DFD2D0025EC00 /* Wikipedia-iOS */,
			);
		};
/* End PBXProject section */

/* Begin PBXResourcesBuildPhase section */
		D4BE95F5145DFD2D0025EC00 /* Resources */ = {
			isa = PBXResourcesBuildPhase;
			buildActionMask = 2147483647;
			files = (
				D4BE961D145DFD2D0025EC00 /* InfoPlist.strings in Resources */,
				D4BE9627145DFD2D0025EC00 /* Localizable.strings in Resources */,
				D4BE962E145DFD2D0025EC00 /* icon.png in Resources */,
				D4BE9630145DFD2D0025EC00 /* icon@2x.png in Resources */,
				D4BE9632145DFD2D0025EC00 /* icon-72.png in Resources */,
				D4BE9635145DFD2D0025EC00 /* Default.png in Resources */,
				D4BE9637145DFD2D0025EC00 /* Default@2x.png in Resources */,
				D4BE9639145DFD2D0025EC00 /* Capture.bundle in Resources */,
				D4BE963B145DFD2D0025EC00 /* PhoneGap.plist in Resources */,
				D481B960145DFE5D00D9F872 /* www in Resources */,
				D4843A8B147DAC2D007499DC /* Default-Landscape~ipad.png in Resources */,
				D4843A8C147DAC2D007499DC /* Default-Portrait~ipad.png in Resources */,
				61992AB014F6DAE1009FE7AC /* MainViewController.xib in Resources */,
				D458BF531517A93C00EF714B /* icon-72@2x.png in Resources */,
				61368D6F1517F94F00C4F0B8 /* FBDialog.bundle in Resources */,
				D43186C1152E350C00E19905 /* Default-Landscape@2x~ipad.png in Resources */,
				D43186C4152E351300E19905 /* Default-Portrait@2x~ipad.png in Resources */,
			);
			runOnlyForDeploymentPostprocessing = 0;
		};
/* End PBXResourcesBuildPhase section */

/* Begin PBXShellScriptBuildPhase section */
		D4BE95F8145DFD2D0025EC00 /* ShellScript */ = {
			isa = PBXShellScriptBuildPhase;
			buildActionMask = 2147483647;
			files = (
			);
			inputPaths = (
			);
			outputPaths = (
			);
			runOnlyForDeploymentPostprocessing = 0;
			shellPath = /bin/bash;
			shellScript = "\n\t\t\t\t\t\t\t\tif [ ! -d \"$PROJECT_DIR/www\" ] ; then\n\t\t\t\t\t\t\t\t\tcp -R /Users/Shared/PhoneGap/Frameworks/PhoneGap.framework/www \"$PROJECT_DIR\"\n\t\t\t\t\t\t\t\tfi\n\t\t\t\t\t\t\t\t# detect www folder reference in project, if missing, print warning\n\t\t\t\t\t\t\t\tgrep \"{isa = PBXFileReference; lastKnownFileType = folder; path = www; sourceTree = \\\"<group>\\\"; };\" \"$PROJECT_DIR/$PROJECT_NAME.xcodeproj/project.pbxproj\"\n\t\t\t\t\t\t\t\trc=$? \n\t\t\t\t\t\t\t\tif [ $rc != 0 ] ; then\n\t\t\t\t\t\t\t\techo -e \"warning: Missing - Add $PROJECT_DIR/www as a folder reference in your project. Just drag and drop the folder into your project, into the Project Navigator of Xcode 4. Make sure you select the second radio-button: 'Create folder references for any added folders' (which will create a blue folder)\" 1>&2\n\t\t\t\t\t\t\t\tfi\t\t\t\t\t\t\t";
		};
/* End PBXShellScriptBuildPhase section */

/* Begin PBXSourcesBuildPhase section */
		D4BE95F3145DFD2D0025EC00 /* Sources */ = {
			isa = PBXSourcesBuildPhase;
			buildActionMask = 2147483647;
			files = (
				D4BE961F145DFD2D0025EC00 /* main.m in Sources */,
				D4BE963F145DFD2D0025EC00 /* AppDelegate.m in Sources */,
				D4E8A4B514D08ED400993351 /* ActionSheet.js in Sources */,
				D4E8A4B614D08ED400993351 /* ActionSheet.m in Sources */,
				61992AAF14F6DAE1009FE7AC /* MainViewController.m in Sources */,
				6108B4001512AF2900779B71 /* TwitterPlugin.m in Sources */,
				61368D501517F01300C4F0B8 /* ReadItLaterFull.m in Sources */,
				61368D511517F01300C4F0B8 /* ReadItLaterLite.m in Sources */,
				61368D521517F01300C4F0B8 /* ReadItLaterPlugin.m in Sources */,
				61368D6E1517F94F00C4F0B8 /* Facebook.m in Sources */,
				61368D701517F94F00C4F0B8 /* FBDialog.m in Sources */,
				61368D711517F94F00C4F0B8 /* FBFrictionlessRequestSettings.m in Sources */,
				61368D721517F94F00C4F0B8 /* FBLoginDialog.m in Sources */,
				61368D731517F94F00C4F0B8 /* FBRequest.m in Sources */,
				61368D741517F94F00C4F0B8 /* NSObject+SBJSON.m in Sources */,
				61368D751517F94F00C4F0B8 /* NSString+SBJSON.m in Sources */,
				61368D761517F94F00C4F0B8 /* SBJSON.m in Sources */,
				61368D771517F94F00C4F0B8 /* SBJsonBase.m in Sources */,
				61368D781517F94F00C4F0B8 /* SBJsonParser.m in Sources */,
				61368D791517F94F00C4F0B8 /* SBJsonWriter.m in Sources */,
				61368D7D1517F96F00C4F0B8 /* FacebookConnectPlugin.m in Sources */,
			);
			runOnlyForDeploymentPostprocessing = 0;
		};
		D4BE95F6145DFD2D0025EC00 /* Sources */ = {
			isa = PBXSourcesBuildPhase;
			buildActionMask = 2147483647;
			files = (
			);
			runOnlyForDeploymentPostprocessing = 0;
		};
/* End PBXSourcesBuildPhase section */

/* Begin PBXVariantGroup section */
		D4BE961B145DFD2D0025EC00 /* InfoPlist.strings */ = {
			isa = PBXVariantGroup;
			children = (
				D4BE961C145DFD2D0025EC00 /* en */,
			);
			name = InfoPlist.strings;
			sourceTree = "<group>";
		};
		D4BE9625145DFD2D0025EC00 /* Localizable.strings */ = {
			isa = PBXVariantGroup;
			children = (
				D4BE9626145DFD2D0025EC00 /* en */,
			);
			name = Localizable.strings;
			sourceTree = "<group>";
		};
		D4BE9629145DFD2D0025EC00 /* Localizable.strings */ = {
			isa = PBXVariantGroup;
			children = (
				D4BE962A145DFD2D0025EC00 /* es */,
			);
			name = Localizable.strings;
			sourceTree = "<group>";
		};
/* End PBXVariantGroup section */

/* Begin XCBuildConfiguration section */
		D4BE9642145DFD2D0025EC00 /* Debug */ = {
			isa = XCBuildConfiguration;
			buildSettings = {
				ALWAYS_SEARCH_USER_PATHS = NO;
				ARCHS = (
					armv6,
					"$(ARCHS_STANDARD_32_BIT)",
				);
				CLANG_ENABLE_OBJC_ARC = YES;
				"CODE_SIGN_IDENTITY[sdk=iphoneos*]" = "iPhone Developer";
				COPY_PHASE_STRIP = NO;
				GCC_C_LANGUAGE_STANDARD = gnu99;
				GCC_DYNAMIC_NO_PIC = NO;
				GCC_OPTIMIZATION_LEVEL = 0;
				GCC_PREPROCESSOR_DEFINITIONS = (
					"DEBUG=1",
					"$(inherited)",
				);
				GCC_SYMBOLS_PRIVATE_EXTERN = NO;
				GCC_VERSION = com.apple.compilers.llvmgcc42;
				GCC_WARN_ABOUT_MISSING_PROTOTYPES = YES;
				GCC_WARN_ABOUT_RETURN_TYPE = YES;
				GCC_WARN_UNUSED_VARIABLE = YES;
				IPHONEOS_DEPLOYMENT_TARGET = 3.0;
				"PROVISIONING_PROFILE[sdk=iphoneos*]" = "";
				SDKROOT = iphoneos;
			};
			name = Debug;
		};
		D4BE9643145DFD2D0025EC00 /* Release */ = {
			isa = XCBuildConfiguration;
			buildSettings = {
				ALWAYS_SEARCH_USER_PATHS = NO;
				ARCHS = (
					armv6,
					"$(ARCHS_STANDARD_32_BIT)",
				);
				CLANG_ENABLE_OBJC_ARC = YES;
				"CODE_SIGN_IDENTITY[sdk=iphoneos*]" = "iPhone Developer";
				COPY_PHASE_STRIP = YES;
				GCC_C_LANGUAGE_STANDARD = gnu99;
				GCC_VERSION = com.apple.compilers.llvmgcc42;
				GCC_WARN_ABOUT_MISSING_PROTOTYPES = YES;
				GCC_WARN_ABOUT_RETURN_TYPE = YES;
				GCC_WARN_UNUSED_VARIABLE = YES;
				IPHONEOS_DEPLOYMENT_TARGET = 3.0;
				"PROVISIONING_PROFILE[sdk=iphoneos*]" = "";
				SDKROOT = iphoneos;
				VALIDATE_PRODUCT = YES;
			};
			name = Release;
		};
		D4BE9645145DFD2D0025EC00 /* Debug */ = {
			isa = XCBuildConfiguration;
			buildSettings = {
				ALWAYS_SEARCH_USER_PATHS = YES;
				CLANG_ENABLE_OBJC_ARC = NO;
				COMPRESS_PNG_FILES = NO;
				COPY_PHASE_STRIP = NO;
				FRAMEWORK_SEARCH_PATHS = /Users/Shared/PhoneGap/Frameworks;
				GCC_DYNAMIC_NO_PIC = NO;
				GCC_PRECOMPILE_PREFIX_HEADER = YES;
				GCC_PREFIX_HEADER = "Wikipedia-iOS/Wikipedia-iOS-Prefix.pch";
				GCC_PREPROCESSOR_DEFINITIONS = "PHONEGAP_FRAMEWORK=YES";
				GCC_VERSION = com.apple.compilers.llvm.clang.1_0;
				INFOPLIST_FILE = "Wikipedia-iOS/Wikipedia-iOS-Info.plist";
				IPHONEOS_DEPLOYMENT_TARGET = 4.2;
				OTHER_LDFLAGS = (
					"-weak_framework",
					UIKit,
					"-weak_framework",
					AVFoundation,
					"-weak_framework",
					CoreMedia,
					"-weak-lSystem",
					/usr/lib/libSystem.B.dylib,
				);
				PRODUCT_NAME = "$(TARGET_NAME)";
				TARGETED_DEVICE_FAMILY = "1,2";
				WRAPPER_EXTENSION = app;
			};
			name = Debug;
		};
		D4BE9646145DFD2D0025EC00 /* Release */ = {
			isa = XCBuildConfiguration;
			buildSettings = {
				ALWAYS_SEARCH_USER_PATHS = YES;
				CLANG_ENABLE_OBJC_ARC = NO;
				COMPRESS_PNG_FILES = NO;
				COPY_PHASE_STRIP = YES;
				DEBUG_INFORMATION_FORMAT = "dwarf-with-dsym";
				FRAMEWORK_SEARCH_PATHS = /Users/Shared/PhoneGap/Frameworks;
				GCC_PRECOMPILE_PREFIX_HEADER = YES;
				GCC_PREFIX_HEADER = "Wikipedia-iOS/Wikipedia-iOS-Prefix.pch";
				GCC_PREPROCESSOR_DEFINITIONS = "PHONEGAP_FRAMEWORK=YES";
				GCC_VERSION = com.apple.compilers.llvm.clang.1_0;
				INFOPLIST_FILE = "Wikipedia-iOS/Wikipedia-iOS-Info.plist";
				IPHONEOS_DEPLOYMENT_TARGET = 4.2;
				OTHER_LDFLAGS = (
					"-weak_framework",
					UIKit,
					"-weak_framework",
					AVFoundation,
					"-weak_framework",
					CoreMedia,
					"-weak-lSystem",
					/usr/lib/libSystem.B.dylib,
				);
				PRODUCT_NAME = "$(TARGET_NAME)";
				TARGETED_DEVICE_FAMILY = "1,2";
				VALIDATE_PRODUCT = YES;
				WRAPPER_EXTENSION = app;
			};
			name = Release;
		};
/* End XCBuildConfiguration section */

/* Begin XCConfigurationList section */
		D4BE95F1145DFD2D0025EC00 /* Build configuration list for PBXProject "Wikipedia-iOS" */ = {
			isa = XCConfigurationList;
			buildConfigurations = (
				D4BE9642145DFD2D0025EC00 /* Debug */,
				D4BE9643145DFD2D0025EC00 /* Release */,
			);
			defaultConfigurationIsVisible = 0;
			defaultConfigurationName = Release;
		};
		D4BE9644145DFD2D0025EC00 /* Build configuration list for PBXNativeTarget "Wikipedia-iOS" */ = {
			isa = XCConfigurationList;
			buildConfigurations = (
				D4BE9645145DFD2D0025EC00 /* Debug */,
				D4BE9646145DFD2D0025EC00 /* Release */,
			);
			defaultConfigurationIsVisible = 0;
			defaultConfigurationName = Release;
		};
/* End XCConfigurationList section */
	};
	rootObject = D4BE95EE145DFD2D0025EC00 /* Project object */;
}
